// !$*UTF8*$!
{
	archiveVersion = 1;
	classes = {
	};
	objectVersion = 56;
	objects = {

/* Begin PBXBuildFile section */
		08D767AC2ADE2DA30006A7F6 /* SMTPpracApp.swift in Sources */ = {isa = PBXBuildFile; fileRef = 08D767AB2ADE2DA30006A7F6 /* SMTPpracApp.swift */; };
		08D767AE2ADE2DA30006A7F6 /* ContentView.swift in Sources */ = {isa = PBXBuildFile; fileRef = 08D767AD2ADE2DA30006A7F6 /* ContentView.swift */; };
		08D767B02ADE2DA60006A7F6 /* Assets.xcassets in Resources */ = {isa = PBXBuildFile; fileRef = 08D767AF2ADE2DA60006A7F6 /* Assets.xcassets */; };
		08D767B32ADE2DA60006A7F6 /* Preview Assets.xcassets in Resources */ = {isa = PBXBuildFile; fileRef = 08D767B22ADE2DA60006A7F6 /* Preview Assets.xcassets */; };
		08D767BD2ADE2DA60006A7F6 /* SMTPpracTests.swift in Sources */ = {isa = PBXBuildFile; fileRef = 08D767BC2ADE2DA60006A7F6 /* SMTPpracTests.swift */; };
		08D767C72ADE2DA60006A7F6 /* SMTPpracUITests.swift in Sources */ = {isa = PBXBuildFile; fileRef = 08D767C62ADE2DA60006A7F6 /* SMTPpracUITests.swift */; };
		08D767C92ADE2DA60006A7F6 /* SMTPpracUITestsLaunchTests.swift in Sources */ = {isa = PBXBuildFile; fileRef = 08D767C82ADE2DA60006A7F6 /* SMTPpracUITestsLaunchTests.swift */; };
/* End PBXBuildFile section */

/* Begin PBXContainerItemProxy section */
		08D767B92ADE2DA60006A7F6 /* PBXContainerItemProxy */ = {
			isa = PBXContainerItemProxy;
			containerPortal = 08D767A02ADE2DA30006A7F6 /* Project object */;
			proxyType = 1;
			remoteGlobalIDString = 08D767A72ADE2DA30006A7F6;
			remoteInfo = SMTPprac;
		};
		08D767C32ADE2DA60006A7F6 /* PBXContainerItemProxy */ = {
			isa = PBXContainerItemProxy;
			containerPortal = 08D767A02ADE2DA30006A7F6 /* Project object */;
			proxyType = 1;
			remoteGlobalIDString = 08D767A72ADE2DA30006A7F6;
			remoteInfo = SMTPprac;
		};
/* End PBXContainerItemProxy section */

/* Begin PBXFileReference section */
		08D767A82ADE2DA30006A7F6 /* SMTPprac.app */ = {isa = PBXFileReference; explicitFileType = wrapper.application; includeInIndex = 0; path = SMTPprac.app; sourceTree = BUILT_PRODUCTS_DIR; };
		08D767AB2ADE2DA30006A7F6 /* SMTPpracApp.swift */ = {isa = PBXFileReference; lastKnownFileType = sourcecode.swift; path = SMTPpracApp.swift; sourceTree = "<group>"; };
		08D767AD2ADE2DA30006A7F6 /* ContentView.swift */ = {isa = PBXFileReference; lastKnownFileType = sourcecode.swift; path = ContentView.swift; sourceTree = "<group>"; };
		08D767AF2ADE2DA60006A7F6 /* Assets.xcassets */ = {isa = PBXFileReference; lastKnownFileType = folder.assetcatalog; path = Assets.xcassets; sourceTree = "<group>"; };
		08D767B22ADE2DA60006A7F6 /* Preview Assets.xcassets */ = {isa = PBXFileReference; lastKnownFileType = folder.assetcatalog; path = "Preview Assets.xcassets"; sourceTree = "<group>"; };
		08D767B82ADE2DA60006A7F6 /* SMTPpracTests.xctest */ = {isa = PBXFileReference; explicitFileType = wrapper.cfbundle; includeInIndex = 0; path = SMTPpracTests.xctest; sourceTree = BUILT_PRODUCTS_DIR; };
		08D767BC2ADE2DA60006A7F6 /* SMTPpracTests.swift */ = {isa = PBXFileReference; lastKnownFileType = sourcecode.swift; path = SMTPpracTests.swift; sourceTree = "<group>"; };
		08D767C22ADE2DA60006A7F6 /* SMTPpracUITests.xctest */ = {isa = PBXFileReference; explicitFileType = wrapper.cfbundle; includeInIndex = 0; path = SMTPpracUITests.xctest; sourceTree = BUILT_PRODUCTS_DIR; };
		08D767C62ADE2DA60006A7F6 /* SMTPpracUITests.swift */ = {isa = PBXFileReference; lastKnownFileType = sourcecode.swift; path = SMTPpracUITests.swift; sourceTree = "<group>"; };
		08D767C82ADE2DA60006A7F6 /* SMTPpracUITestsLaunchTests.swift */ = {isa = PBXFileReference; lastKnownFileType = sourcecode.swift; path = SMTPpracUITestsLaunchTests.swift; sourceTree = "<group>"; };
/* End PBXFileReference section */

/* Begin PBXFrameworksBuildPhase section */
		08D767A52ADE2DA30006A7F6 /* Frameworks */ = {
			isa = PBXFrameworksBuildPhase;
			buildActionMask = 2147483647;
			files = (
			);
			runOnlyForDeploymentPostprocessing = 0;
		};
		08D767B52ADE2DA60006A7F6 /* Frameworks */ = {
			isa = PBXFrameworksBuildPhase;
			buildActionMask = 2147483647;
			files = (
			);
			runOnlyForDeploymentPostprocessing = 0;
		};
		08D767BF2ADE2DA60006A7F6 /* Frameworks */ = {
			isa = PBXFrameworksBuildPhase;
			buildActionMask = 2147483647;
			files = (
			);
			runOnlyForDeploymentPostprocessing = 0;
		};
/* End PBXFrameworksBuildPhase section */

/* Begin PBXGroup section */
		08D7679F2ADE2DA30006A7F6 = {
			isa = PBXGroup;
			children = (
				08D767AA2ADE2DA30006A7F6 /* SMTPprac */,
				08D767BB2ADE2DA60006A7F6 /* SMTPpracTests */,
				08D767C52ADE2DA60006A7F6 /* SMTPpracUITests */,
				08D767A92ADE2DA30006A7F6 /* Products */,
			);
			sourceTree = "<group>";
		};
		08D767A92ADE2DA30006A7F6 /* Products */ = {
			isa = PBXGroup;
			children = (
				08D767A82ADE2DA30006A7F6 /* SMTPprac.app */,
				08D767B82ADE2DA60006A7F6 /* SMTPpracTests.xctest */,
				08D767C22ADE2DA60006A7F6 /* SMTPpracUITests.xctest */,
			);
			name = Products;
			sourceTree = "<group>";
		};
		08D767AA2ADE2DA30006A7F6 /* SMTPprac */ = {
			isa = PBXGroup;
			children = (
				08D767AB2ADE2DA30006A7F6 /* SMTPpracApp.swift */,
				08D767AD2ADE2DA30006A7F6 /* ContentView.swift */,
				08D767AF2ADE2DA60006A7F6 /* Assets.xcassets */,
				08D767B12ADE2DA60006A7F6 /* Preview Content */,
			);
			path = SMTPprac;
			sourceTree = "<group>";
		};
		08D767B12ADE2DA60006A7F6 /* Preview Content */ = {
			isa = PBXGroup;
			children = (
				08D767B22ADE2DA60006A7F6 /* Preview Assets.xcassets */,
			);
			path = "Preview Content";
			sourceTree = "<group>";
		};
		08D767BB2ADE2DA60006A7F6 /* SMTPpracTests */ = {
			isa = PBXGroup;
			children = (
				08D767BC2ADE2DA60006A7F6 /* SMTPpracTests.swift */,
			);
			path = SMTPpracTests;
			sourceTree = "<group>";
		};
		08D767C52ADE2DA60006A7F6 /* SMTPpracUITests */ = {
			isa = PBXGroup;
			children = (
				08D767C62ADE2DA60006A7F6 /* SMTPpracUITests.swift */,
				08D767C82ADE2DA60006A7F6 /* SMTPpracUITestsLaunchTests.swift */,
			);
			path = SMTPpracUITests;
			sourceTree = "<group>";
		};
/* End PBXGroup section */

/* Begin PBXNativeTarget section */
		08D767A72ADE2DA30006A7F6 /* SMTPprac */ = {
			isa = PBXNativeTarget;
			buildConfigurationList = 08D767CC2ADE2DA60006A7F6 /* Build configuration list for PBXNativeTarget "SMTPprac" */;
			buildPhases = (
				08D767A42ADE2DA30006A7F6 /* Sources */,
				08D767A52ADE2DA30006A7F6 /* Frameworks */,
				08D767A62ADE2DA30006A7F6 /* Resources */,
			);
			buildRules = (
			);
			dependencies = (
			);
			name = SMTPprac;
			productName = SMTPprac;
			productReference = 08D767A82ADE2DA30006A7F6 /* SMTPprac.app */;
			productType = "com.apple.product-type.application";
		};
		08D767B72ADE2DA60006A7F6 /* SMTPpracTests */ = {
			isa = PBXNativeTarget;
			buildConfigurationList = 08D767CF2ADE2DA60006A7F6 /* Build configuration list for PBXNativeTarget "SMTPpracTests" */;
			buildPhases = (
				08D767B42ADE2DA60006A7F6 /* Sources */,
				08D767B52ADE2DA60006A7F6 /* Frameworks */,
				08D767B62ADE2DA60006A7F6 /* Resources */,
			);
			buildRules = (
			);
			dependencies = (
				08D767BA2ADE2DA60006A7F6 /* PBXTargetDependency */,
			);
			name = SMTPpracTests;
			productName = SMTPpracTests;
			productReference = 08D767B82ADE2DA60006A7F6 /* SMTPpracTests.xctest */;
			productType = "com.apple.product-type.bundle.unit-test";
		};
		08D767C12ADE2DA60006A7F6 /* SMTPpracUITests */ = {
			isa = PBXNativeTarget;
			buildConfigurationList = 08D767D22ADE2DA60006A7F6 /* Build configuration list for PBXNativeTarget "SMTPpracUITests" */;
			buildPhases = (
				08D767BE2ADE2DA60006A7F6 /* Sources */,
				08D767BF2ADE2DA60006A7F6 /* Frameworks */,
				08D767C02ADE2DA60006A7F6 /* Resources */,
			);
			buildRules = (
			);
			dependencies = (
				08D767C42ADE2DA60006A7F6 /* PBXTargetDependency */,
			);
			name = SMTPpracUITests;
			productName = SMTPpracUITests;
			productReference = 08D767C22ADE2DA60006A7F6 /* SMTPpracUITests.xctest */;
			productType = "com.apple.product-type.bundle.ui-testing";
		};
/* End PBXNativeTarget section */

/* Begin PBXProject section */
		08D767A02ADE2DA30006A7F6 /* Project object */ = {
			isa = PBXProject;
			attributes = {
				BuildIndependentTargetsInParallel = 1;
				LastSwiftUpdateCheck = 1500;
				LastUpgradeCheck = 1500;
				TargetAttributes = {
					08D767A72ADE2DA30006A7F6 = {
						CreatedOnToolsVersion = 15.0;
					};
					08D767B72ADE2DA60006A7F6 = {
						CreatedOnToolsVersion = 15.0;
						TestTargetID = 08D767A72ADE2DA30006A7F6;
					};
					08D767C12ADE2DA60006A7F6 = {
						CreatedOnToolsVersion = 15.0;
						TestTargetID = 08D767A72ADE2DA30006A7F6;
					};
				};
			};
			buildConfigurationList = 08D767A32ADE2DA30006A7F6 /* Build configuration list for PBXProject "SMTPprac" */;
			compatibilityVersion = "Xcode 14.0";
			developmentRegion = en;
			hasScannedForEncodings = 0;
			knownRegions = (
				en,
				Base,
			);
			mainGroup = 08D7679F2ADE2DA30006A7F6;
			productRefGroup = 08D767A92ADE2DA30006A7F6 /* Products */;
			projectDirPath = "";
			projectRoot = "";
			targets = (
				08D767A72ADE2DA30006A7F6 /* SMTPprac */,
				08D767B72ADE2DA60006A7F6 /* SMTPpracTests */,
				08D767C12ADE2DA60006A7F6 /* SMTPpracUITests */,
			);
		};
/* End PBXProject section */

/* Begin PBXResourcesBuildPhase section */
		08D767A62ADE2DA30006A7F6 /* Resources */ = {
			isa = PBXResourcesBuildPhase;
			buildActionMask = 2147483647;
			files = (
				08D767B32ADE2DA60006A7F6 /* Preview Assets.xcassets in Resources */,
				08D767B02ADE2DA60006A7F6 /* Assets.xcassets in Resources */,
			);
			runOnlyForDeploymentPostprocessing = 0;
		};
		08D767B62ADE2DA60006A7F6 /* Resources */ = {
			isa = PBXResourcesBuildPhase;
			buildActionMask = 2147483647;
			files = (
			);
			runOnlyForDeploymentPostprocessing = 0;
		};
		08D767C02ADE2DA60006A7F6 /* Resources */ = {
			isa = PBXResourcesBuildPhase;
			buildActionMask = 2147483647;
			files = (
			);
			runOnlyForDeploymentPostprocessing = 0;
		};
/* End PBXResourcesBuildPhase section */

/* Begin PBXSourcesBuildPhase section */
		08D767A42ADE2DA30006A7F6 /* Sources */ = {
			isa = PBXSourcesBuildPhase;
			buildActionMask = 2147483647;
			files = (
				08D767AE2ADE2DA30006A7F6 /* ContentView.swift in Sources */,
				08D767AC2ADE2DA30006A7F6 /* SMTPpracApp.swift in Sources */,
			);
			runOnlyForDeploymentPostprocessing = 0;
		};
		08D767B42ADE2DA60006A7F6 /* Sources */ = {
			isa = PBXSourcesBuildPhase;
			buildActionMask = 2147483647;
			files = (
				08D767BD2ADE2DA60006A7F6 /* SMTPpracTests.swift in Sources */,
			);
			runOnlyForDeploymentPostprocessing = 0;
		};
		08D767BE2ADE2DA60006A7F6 /* Sources */ = {
			isa = PBXSourcesBuildPhase;
			buildActionMask = 2147483647;
			files = (
				08D767C92ADE2DA60006A7F6 /* SMTPpracUITestsLaunchTests.swift in Sources */,
				08D767C72ADE2DA60006A7F6 /* SMTPpracUITests.swift in Sources */,
			);
			runOnlyForDeploymentPostprocessing = 0;
		};
/* End PBXSourcesBuildPhase section */

/* Begin PBXTargetDependency section */
		08D767BA2ADE2DA60006A7F6 /* PBXTargetDependency */ = {
			isa = PBXTargetDependency;
			target = 08D767A72ADE2DA30006A7F6 /* SMTPprac */;
			targetProxy = 08D767B92ADE2DA60006A7F6 /* PBXContainerItemProxy */;
		};
		08D767C42ADE2DA60006A7F6 /* PBXTargetDependency */ = {
			isa = PBXTargetDependency;
			target = 08D767A72ADE2DA30006A7F6 /* SMTPprac */;
			targetProxy = 08D767C32ADE2DA60006A7F6 /* PBXContainerItemProxy */;
		};
/* End PBXTargetDependency section */

/* Begin XCBuildConfiguration section */
		08D767CA2ADE2DA60006A7F6 /* Debug */ = {
			isa = XCBuildConfiguration;
			buildSettings = {
				ALWAYS_SEARCH_USER_PATHS = NO;
				ASSETCATALOG_COMPILER_GENERATE_SWIFT_ASSET_SYMBOL_EXTENSIONS = YES;
				CLANG_ANALYZER_NONNULL = YES;
				CLANG_ANALYZER_NUMBER_OBJECT_CONVERSION = YES_AGGRESSIVE;
				CLANG_CXX_LANGUAGE_STANDARD = "gnu++20";
				CLANG_ENABLE_MODULES = YES;
				CLANG_ENABLE_OBJC_ARC = YES;
				CLANG_ENABLE_OBJC_WEAK = YES;
				CLANG_WARN_BLOCK_CAPTURE_AUTORELEASING = YES;
				CLANG_WARN_BOOL_CONVERSION = YES;
				CLANG_WARN_COMMA = YES;
				CLANG_WARN_CONSTANT_CONVERSION = YES;
				CLANG_WARN_DEPRECATED_OBJC_IMPLEMENTATIONS = YES;
				CLANG_WARN_DIRECT_OBJC_ISA_USAGE = YES_ERROR;
				CLANG_WARN_DOCUMENTATION_COMMENTS = YES;
				CLANG_WARN_EMPTY_BODY = YES;
				CLANG_WARN_ENUM_CONVERSION = YES;
				CLANG_WARN_INFINITE_RECURSION = YES;
				CLANG_WARN_INT_CONVERSION = YES;
				CLANG_WARN_NON_LITERAL_NULL_CONVERSION = YES;
				CLANG_WARN_OBJC_IMPLICIT_RETAIN_SELF = YES;
				CLANG_WARN_OBJC_LITERAL_CONVERSION = YES;
				CLANG_WARN_OBJC_ROOT_CLASS = YES_ERROR;
				CLANG_WARN_QUOTED_INCLUDE_IN_FRAMEWORK_HEADER = YES;
				CLANG_WARN_RANGE_LOOP_ANALYSIS = YES;
				CLANG_WARN_STRICT_PROTOTYPES = YES;
				CLANG_WARN_SUSPICIOUS_MOVE = YES;
				CLANG_WARN_UNGUARDED_AVAILABILITY = YES_AGGRESSIVE;
				CLANG_WARN_UNREACHABLE_CODE = YES;
				CLANG_WARN__DUPLICATE_METHOD_MATCH = YES;
				COPY_PHASE_STRIP = NO;
				DEBUG_INFORMATION_FORMAT = dwarf;
				ENABLE_STRICT_OBJC_MSGSEND = YES;
				ENABLE_TESTABILITY = YES;
				ENABLE_USER_SCRIPT_SANDBOXING = YES;
				GCC_C_LANGUAGE_STANDARD = gnu17;
				GCC_DYNAMIC_NO_PIC = NO;
				GCC_NO_COMMON_BLOCKS = YES;
				GCC_OPTIMIZATION_LEVEL = 0;
				GCC_PREPROCESSOR_DEFINITIONS = (
					"DEBUG=1",
					"$(inherited)",
				);
				GCC_WARN_64_TO_32_BIT_CONVERSION = YES;
				GCC_WARN_ABOUT_RETURN_TYPE = YES_ERROR;
				GCC_WARN_UNDECLARED_SELECTOR = YES;
				GCC_WARN_UNINITIALIZED_AUTOS = YES_AGGRESSIVE;
				GCC_WARN_UNUSED_FUNCTION = YES;
				GCC_WARN_UNUSED_VARIABLE = YES;
				IPHONEOS_DEPLOYMENT_TARGET = 17.0;
				LOCALIZATION_PREFERS_STRING_CATALOGS = YES;
				MTL_ENABLE_DEBUG_INFO = INCLUDE_SOURCE;
				MTL_FAST_MATH = YES;
				ONLY_ACTIVE_ARCH = YES;
				SDKROOT = iphoneos;
				SWIFT_ACTIVE_COMPILATION_CONDITIONS = "DEBUG $(inherited)";
				SWIFT_OPTIMIZATION_LEVEL = "-Onone";
			};
			name = Debug;
		};
		08D767CB2ADE2DA60006A7F6 /* Release */ = {
			isa = XCBuildConfiguration;
			buildSettings = {
				ALWAYS_SEARCH_USER_PATHS = NO;
				ASSETCATALOG_COMPILER_GENERATE_SWIFT_ASSET_SYMBOL_EXTENSIONS = YES;
				CLANG_ANALYZER_NONNULL = YES;
				CLANG_ANALYZER_NUMBER_OBJECT_CONVERSION = YES_AGGRESSIVE;
				CLANG_CXX_LANGUAGE_STANDARD = "gnu++20";
				CLANG_ENABLE_MODULES = YES;
				CLANG_ENABLE_OBJC_ARC = YES;
				CLANG_ENABLE_OBJC_WEAK = YES;
				CLANG_WARN_BLOCK_CAPTURE_AUTORELEASING = YES;
				CLANG_WARN_BOOL_CONVERSION = YES;
				CLANG_WARN_COMMA = YES;
				CLANG_WARN_CONSTANT_CONVERSION = YES;
				CLANG_WARN_DEPRECATED_OBJC_IMPLEMENTATIONS = YES;
				CLANG_WARN_DIRECT_OBJC_ISA_USAGE = YES_ERROR;
				CLANG_WARN_DOCUMENTATION_COMMENTS = YES;
				CLANG_WARN_EMPTY_BODY = YES;
				CLANG_WARN_ENUM_CONVERSION = YES;
				CLANG_WARN_INFINITE_RECURSION = YES;
				CLANG_WARN_INT_CONVERSION = YES;
				CLANG_WARN_NON_LITERAL_NULL_CONVERSION = YES;
				CLANG_WARN_OBJC_IMPLICIT_RETAIN_SELF = YES;
				CLANG_WARN_OBJC_LITERAL_CONVERSION = YES;
				CLANG_WARN_OBJC_ROOT_CLASS = YES_ERROR;
				CLANG_WARN_QUOTED_INCLUDE_IN_FRAMEWORK_HEADER = YES;
				CLANG_WARN_RANGE_LOOP_ANALYSIS = YES;
				CLANG_WARN_STRICT_PROTOTYPES = YES;
				CLANG_WARN_SUSPICIOUS_MOVE = YES;
				CLANG_WARN_UNGUARDED_AVAILABILITY = YES_AGGRESSIVE;
				CLANG_WARN_UNREACHABLE_CODE = YES;
				CLANG_WARN__DUPLICATE_METHOD_MATCH = YES;
				COPY_PHASE_STRIP = NO;
				DEBUG_INFORMATION_FORMAT = "dwarf-with-dsym";
				ENABLE_NS_ASSERTIONS = NO;
				ENABLE_STRICT_OBJC_MSGSEND = YES;
				ENABLE_USER_SCRIPT_SANDBOXING = YES;
				GCC_C_LANGUAGE_STANDARD = gnu17;
				GCC_NO_COMMON_BLOCKS = YES;
				GCC_WARN_64_TO_32_BIT_CONVERSION = YES;
				GCC_WARN_ABOUT_RETURN_TYPE = YES_ERROR;
				GCC_WARN_UNDECLARED_SELECTOR = YES;
				GCC_WARN_UNINITIALIZED_AUTOS = YES_AGGRESSIVE;
				GCC_WARN_UNUSED_FUNCTION = YES;
				GCC_WARN_UNUSED_VARIABLE = YES;
				IPHONEOS_DEPLOYMENT_TARGET = 17.0;
				LOCALIZATION_PREFERS_STRING_CATALOGS = YES;
				MTL_ENABLE_DEBUG_INFO = NO;
				MTL_FAST_MATH = YES;
				SDKROOT = iphoneos;
				SWIFT_COMPILATION_MODE = wholemodule;
				VALIDATE_PRODUCT = YES;
			};
			name = Release;
		};
		08D767CD2ADE2DA60006A7F6 /* Debug */ = {
			isa = XCBuildConfiguration;
			buildSettings = {
				ASSETCATALOG_COMPILER_APPICON_NAME = AppIcon;
				ASSETCATALOG_COMPILER_GLOBAL_ACCENT_COLOR_NAME = AccentColor;
				CODE_SIGN_STYLE = Automatic;
				CURRENT_PROJECT_VERSION = 1;
				DEVELOPMENT_ASSET_PATHS = "\"SMTPprac/Preview Content\"";
				ENABLE_PREVIEWS = YES;
				GENERATE_INFOPLIST_FILE = YES;
				INFOPLIST_KEY_UIApplicationSceneManifest_Generation = YES;
				INFOPLIST_KEY_UIApplicationSupportsIndirectInputEvents = YES;
				INFOPLIST_KEY_UILaunchScreen_Generation = YES;
				INFOPLIST_KEY_UISupportedInterfaceOrientations_iPad = "UIInterfaceOrientationPortrait UIInterfaceOrientationPortraitUpsideDown UIInterfaceOrientationLandscapeLeft UIInterfaceOrientationLandscapeRight";
				INFOPLIST_KEY_UISupportedInterfaceOrientations_iPhone = "UIInterfaceOrientationPortrait UIInterfaceOrientationLandscapeLeft UIInterfaceOrientationLandscapeRight";
				LD_RUNPATH_SEARCH_PATHS = (
					"$(inherited)",
					"@executable_path/Frameworks",
				);
				MARKETING_VERSION = 1.0;
				PRODUCT_BUNDLE_IDENTIFIER = "com.example.sample-sample.landmark.SMTPprac";
				PRODUCT_NAME = "$(TARGET_NAME)";
				SWIFT_EMIT_LOC_STRINGS = YES;
				SWIFT_VERSION = 5.0;
				TARGETED_DEVICE_FAMILY = "1,2";
			};
			name = Debug;
		};
		08D767CE2ADE2DA60006A7F6 /* Release */ = {
			isa = XCBuildConfiguration;
			buildSettings = {
				ASSETCATALOG_COMPILER_APPICON_NAME = AppIcon;
				ASSETCATALOG_COMPILER_GLOBAL_ACCENT_COLOR_NAME = AccentColor;
				CODE_SIGN_STYLE = Automatic;
				CURRENT_PROJECT_VERSION = 1;
				DEVELOPMENT_ASSET_PATHS = "\"SMTPprac/Preview Content\"";
				ENABLE_PREVIEWS = YES;
				GENERATE_INFOPLIST_FILE = YES;
				INFOPLIST_KEY_UIApplicationSceneManifest_Generation = YES;
				INFOPLIST_KEY_UIApplicationSupportsIndirectInputEvents = YES;
				INFOPLIST_KEY_UILaunchScreen_Generation = YES;
				INFOPLIST_KEY_UISupportedInterfaceOrientations_iPad = "UIInterfaceOrientationPortrait UIInterfaceOrientationPortraitUpsideDown UIInterfaceOrientationLandscapeLeft UIInterfaceOrientationLandscapeRight";
				INFOPLIST_KEY_UISupportedInterfaceOrientations_iPhone = "UIInterfaceOrientationPortrait UIInterfaceOrientationLandscapeLeft UIInterfaceOrientationLandscapeRight";
				LD_RUNPATH_SEARCH_PATHS = (
					"$(inherited)",
					"@executable_path/Frameworks",
				);
				MARKETING_VERSION = 1.0;
				PRODUCT_BUNDLE_IDENTIFIER = "com.example.sample-sample.landmark.SMTPprac";
				PRODUCT_NAME = "$(TARGET_NAME)";
				SWIFT_EMIT_LOC_STRINGS = YES;
				SWIFT_VERSION = 5.0;
				TARGETED_DEVICE_FAMILY = "1,2";
			};
			name = Release;
		};
		08D767D02ADE2DA60006A7F6 /* Debug */ = {
			isa = XCBuildConfiguration;
			buildSettings = {
				ALWAYS_EMBED_SWIFT_STANDARD_LIBRARIES = YES;
				BUNDLE_LOADER = "$(TEST_HOST)";
				CODE_SIGN_STYLE = Automatic;
				CURRENT_PROJECT_VERSION = 1;
				GENERATE_INFOPLIST_FILE = YES;
				IPHONEOS_DEPLOYMENT_TARGET = 17.0;
				MARKETING_VERSION = 1.0;
				PRODUCT_BUNDLE_IDENTIFIER = "com.example.sample-sample.landmark.SMTPpracTests";
				PRODUCT_NAME = "$(TARGET_NAME)";
				SWIFT_EMIT_LOC_STRINGS = NO;
				SWIFT_VERSION = 5.0;
				TARGETED_DEVICE_FAMILY = "1,2";
				TEST_HOST = "$(BUILT_PRODUCTS_DIR)/SMTPprac.app/$(BUNDLE_EXECUTABLE_FOLDER_PATH)/SMTPprac";
			};
			name = Debug;
		};
		08D767D12ADE2DA60006A7F6 /* Release */ = {
			isa = XCBuildConfiguration;
			buildSettings = {
				ALWAYS_EMBED_SWIFT_STANDARD_LIBRARIES = YES;
				BUNDLE_LOADER = "$(TEST_HOST)";
				CODE_SIGN_STYLE = Automatic;
				CURRENT_PROJECT_VERSION = 1;
				GENERATE_INFOPLIST_FILE = YES;
				IPHONEOS_DEPLOYMENT_TARGET = 17.0;
				MARKETING_VERSION = 1.0;
				PRODUCT_BUNDLE_IDENTIFIER = "com.example.sample-sample.landmark.SMTPpracTests";
				PRODUCT_NAME = "$(TARGET_NAME)";
				SWIFT_EMIT_LOC_STRINGS = NO;
				SWIFT_VERSION = 5.0;
				TARGETED_DEVICE_FAMILY = "1,2";
				TEST_HOST = "$(BUILT_PRODUCTS_DIR)/SMTPprac.app/$(BUNDLE_EXECUTABLE_FOLDER_PATH)/SMTPprac";
			};
			name = Release;
		};
		08D767D32ADE2DA60006A7F6 /* Debug */ = {
			isa = XCBuildConfiguration;
			buildSettings = {
				ALWAYS_EMBED_SWIFT_STANDARD_LIBRARIES = YES;
				CODE_SIGN_STYLE = Automatic;
				CURRENT_PROJECT_VERSION = 1;
				GENERATE_INFOPLIST_FILE = YES;
				MARKETING_VERSION = 1.0;
				PRODUCT_BUNDLE_IDENTIFIER = "com.example.sample-sample.landmark.SMTPpracUITests";
				PRODUCT_NAME = "$(TARGET_NAME)";
				SWIFT_EMIT_LOC_STRINGS = NO;
				SWIFT_VERSION = 5.0;
				TARGETED_DEVICE_FAMILY = "1,2";
				TEST_TARGET_NAME = SMTPprac;
			};
			name = Debug;
		};
		08D767D42ADE2DA60006A7F6 /* Release */ = {
			isa = XCBuildConfiguration;
			buildSettings = {
				ALWAYS_EMBED_SWIFT_STANDARD_LIBRARIES = YES;
				CODE_SIGN_STYLE = Automatic;
				CURRENT_PROJECT_VERSION = 1;
				GENERATE_INFOPLIST_FILE = YES;
				MARKETING_VERSION = 1.0;
				PRODUCT_BUNDLE_IDENTIFIER = "com.example.sample-sample.landmark.SMTPpracUITests";
				PRODUCT_NAME = "$(TARGET_NAME)";
				SWIFT_EMIT_LOC_STRINGS = NO;
				SWIFT_VERSION = 5.0;
				TARGETED_DEVICE_FAMILY = "1,2";
				TEST_TARGET_NAME = SMTPprac;
			};
			name = Release;
		};
/* End XCBuildConfiguration section */

/* Begin XCConfigurationList section */
		08D767A32ADE2DA30006A7F6 /* Build configuration list for PBXProject "SMTPprac" */ = {
			isa = XCConfigurationList;
			buildConfigurations = (
				08D767CA2ADE2DA60006A7F6 /* Debug */,
				08D767CB2ADE2DA60006A7F6 /* Release */,
			);
			defaultConfigurationIsVisible = 0;
			defaultConfigurationName = Release;
		};
		08D767CC2ADE2DA60006A7F6 /* Build configuration list for PBXNativeTarget "SMTPprac" */ = {
			isa = XCConfigurationList;
			buildConfigurations = (
				08D767CD2ADE2DA60006A7F6 /* Debug */,
				08D767CE2ADE2DA60006A7F6 /* Release */,
			);
			defaultConfigurationIsVisible = 0;
			defaultConfigurationName = Release;
		};
		08D767CF2ADE2DA60006A7F6 /* Build configuration list for PBXNativeTarget "SMTPpracTests" */ = {
			isa = XCConfigurationList;
			buildConfigurations = (
				08D767D02ADE2DA60006A7F6 /* Debug */,
				08D767D12ADE2DA60006A7F6 /* Release */,
			);
			defaultConfigurationIsVisible = 0;
			defaultConfigurationName = Release;
		};
		08D767D22ADE2DA60006A7F6 /* Build configuration list for PBXNativeTarget "SMTPpracUITests" */ = {
			isa = XCConfigurationList;
			buildConfigurations = (
				08D767D32ADE2DA60006A7F6 /* Debug */,
				08D767D42ADE2DA60006A7F6 /* Release */,
			);
			defaultConfigurationIsVisible = 0;
			defaultConfigurationName = Release;
		};
/* End XCConfigurationList section */
	};
	rootObject = 08D767A02ADE2DA30006A7F6 /* Project object */;
}
